#MicroXplorer Configuration settings - do not modify
Mcu.Family=STM32F4
RCC.PLLSourceVirtual=RCC_PLLSOURCE_HSE
ProjectManager.MainLocation=Core/Src
ProjectManager.ProjectFileName=encoder.ioc
PH0-OSC_IN.Signal=RCC_OSC_IN
USART2.IPParameters=VirtualMode
RCC.CortexFreq_Value=180000000
Dma.USART2_TX.0.MemInc=DMA_MINC_ENABLE
Dma.USART2_TX.0.PeriphDataAlignment=DMA_PDATAALIGN_BYTE
ProjectManager.KeepUserCode=true
Mcu.UserName=STM32F446RETx
Mcu.PinsNb=12
ProjectManager.NoMain=false
TIM1.IPParameters=IC1Filter,IC2Filter,EncoderMode
TIM2.IC1Filter=5
RCC.PLLCLKFreq_Value=180000000
RCC.FMPI2C1Freq_Value=45000000
RCC.PLLQCLKFreq_Value=180000000
RCC.VCOI2SInputFreq_Value=500000
ProjectManager.functionlistsort=1-MX_GPIO_Init-GPIO-false-HAL-true,2-MX_DMA_Init-DMA-false-HAL-true,3-SystemClock_Config-RCC-false-HAL-false,4-MX_TIM2_Init-TIM2-false-HAL-true,5-MX_USART2_UART_Init-USART2-false-HAL-true,6-MX_TIM3_Init-TIM3-false-HAL-true,7-MX_TIM1_Init-TIM1-false-HAL-true
PA9.GPIOParameters=GPIO_PuPd
TIM1.EncoderMode=TIM_ENCODERMODE_TI12
ProjectManager.DefaultFWLocation=true
RCC.PLLI2SRCLKFreq_Value=48000000
TIM2.EncoderMode=TIM_ENCODERMODE_TI12
ProjectManager.DeletePrevious=true
SH.S_TIM1_CH1.ConfNb=1
RCC.APB1CLKDivider=RCC_HCLK_DIV4
RCC.SAIAFreq_Value=48000000
PA9.GPIO_PuPd=GPIO_PULLUP
NVIC.USART2_IRQn=true\:0\:0\:false\:false\:true\:true\:true
SH.S_TIM2_CH1_ETR.ConfNb=1
PinOutPanel.RotationAngle=0
RCC.FamilyName=M
Dma.USART2_TX.0.FIFOMode=DMA_FIFOMODE_DISABLE
RCC.SYSCLKSource=RCC_SYSCLKSOURCE_PLLCLK
ProjectManager.StackSize=0x400
PA0-WKUP.Signal=S_TIM2_CH1_ETR
Dma.USART2_TX.0.RequestParameters=Instance,Direction,PeriphInc,MemInc,PeriphDataAlignment,MemDataAlignment,Mode,Priority,FIFOMode
PA13.Signal=SYS_JTMS-SWDIO
PA3.Mode=Asynchronous
Mcu.IP4=TIM1
RCC.FCLKCortexFreq_Value=180000000
Mcu.IP5=TIM2
NVIC.SVCall_IRQn=true\:0\:0\:false\:false\:true\:false\:false
Mcu.IP2=RCC
Mcu.IP3=SYS
SH.S_TIM2_CH2.0=TIM2_CH2,Encoder_Interface
Mcu.IP0=DMA
Dma.USART2_TX.0.Priority=DMA_PRIORITY_LOW
Mcu.IP1=NVIC
SH.S_TIM1_CH1.0=TIM1_CH1,Encoder_Interface
Mcu.UserConstants=
ProjectManager.TargetToolchain=STM32CubeIDE
Mcu.ThirdPartyNb=0
RCC.SDIOFreq_Value=180000000
RCC.HCLKFreq_Value=180000000
Mcu.IPNb=8
TIM2.IPParameters=EncoderMode,IC1Filter,IC2Filter,Period
ProjectManager.PreviousToolchain=
RCC.APB2TimFreq_Value=180000000
TIM3.Period=4999
PA9.Signal=S_TIM1_CH2
SH.S_TIM2_CH2.ConfNb=1
RCC.SPDIFRXFreq_Value=180000000
RCC.I2S1Freq_Value=48000000
PA8.GPIOParameters=GPIO_PuPd
Mcu.Pin6=PA8
Mcu.Pin7=PA9
ProjectManager.RegisterCallBack=
Mcu.Pin8=PA13
RCC.USBFreq_Value=180000000
Mcu.Pin9=PA14
RCC.VCOSAIOutputFreq_Value=96000000
VP_TIM3_VS_ClockSourceINT.Signal=TIM3_VS_ClockSourceINT
RCC.PLLSAIoutputFreq_Value=48000000
PA1.GPIO_PuPd=GPIO_PULLUP
PA1.Signal=S_TIM2_CH2
RCC.AHBFreq_Value=180000000
PH0-OSC_IN.Mode=HSE-External-Clock-Source
Mcu.Pin0=PH0-OSC_IN
Mcu.Pin1=PH1-OSC_OUT
SH.S_TIM1_CH2.ConfNb=1
GPIO.groupedBy=Group By Peripherals
Mcu.Pin2=PA0-WKUP
Mcu.Pin3=PA1
PA0-WKUP.GPIOParameters=GPIO_PuPd
Mcu.Pin4=PA2
RCC.VCOI2SOutputFreq_Value=96000000
Mcu.Pin5=PA3
ProjectManager.ProjectBuild=false
RCC.HSE_VALUE=8000000
NVIC.UsageFault_IRQn=true\:0\:0\:false\:false\:true\:false\:false
NVIC.DebugMonitor_IRQn=true\:0\:0\:false\:false\:true\:false\:false
RCC.PLLSAIPCLKFreq_Value=48000000
RCC.PeriphClockSelection=+RCC_PERIPHCLK_PLLI2SVar+|RCC_PERIPHCLK_I2S1Var+|RCC_PERIPHCLK_I2S2Var+|RCC_PERIPHCLK_SAIAVar+|RCC_PERIPHCLK_SAIBVar+|RCC_PERIPHCLK_TIMVar+|RCC_PERIPHCLK_RTCVar+|RCC_PERIPHCLK_SDIOVar+|RCC_PERIPHCLK_SPDIFVar+|RCC_PERIPHCLK_CK48Var+|RCC_PERIPHCLK_CECVar+|RCC_PERIPHCLK_FMPI2C1Var
board=custom
RCC.VCOOutputFreq_Value=360000000
NVIC.SysTick_IRQn=true\:0\:0\:false\:false\:true\:false\:true
ProjectManager.LastFirmware=true
NVIC.TIM3_IRQn=true\:0\:0\:false\:false\:true\:true\:true
ProjectManager.FirmwarePackage=STM32Cube FW_F4 V1.26.2
MxDb.Version=DB.6.0.21
RCC.APB2Freq_Value=90000000
PA1.GPIOParameters=GPIO_PuPd
ProjectManager.BackupPrevious=false
MxCube.Version=6.2.1
RCC.VCOInputFreq_Value=2000000
SH.S_TIM1_CH2.0=TIM1_CH2,Encoder_Interface
RCC.PLLI2SPCLKFreq_Value=48000000
PA14.Mode=Serial_Wire
TIM3.Prescaler=89
NVIC.TIM2_IRQn=true\:0\:0\:false\:false\:true\:true\:true
File.Version=6
VP_SYS_VS_Systick.Mode=SysTick
TIM1.IC2Filter=5
TIM3.IPParameters=Prescaler,Period
PH1-OSC_OUT.Signal=RCC_OSC_OUT
PA8.Signal=S_TIM1_CH1
NVIC.NonMaskableInt_IRQn=true\:0\:0\:false\:false\:true\:false\:false
RCC.PLLRCLKFreq_Value=180000000
Dma.USART2_TX.0.MemDataAlignment=DMA_MDATAALIGN_BYTE
NVIC.PendSV_IRQn=true\:0\:0\:false\:false\:true\:false\:false
TIM2.Period=65535
PA13.Mode=Serial_Wire
ProjectManager.FreePins=false
Dma.USART2_TX.0.Direction=DMA_MEMORY_TO_PERIPH
RCC.IPParameters=AHBFreq_Value,APB1CLKDivider,APB1Freq_Value,APB1TimFreq_Value,APB2CLKDivider,APB2Freq_Value,APB2TimFreq_Value,CECFreq_Value,CortexFreq_Value,FCLKCortexFreq_Value,FMPI2C1Freq_Value,FamilyName,HCLKFreq_Value,HSE_VALUE,I2S1Freq_Value,I2S2Freq_Value,MCO2PinFreq_Value,PLLCLKFreq_Value,PLLI2SPCLKFreq_Value,PLLI2SQCLKFreq_Value,PLLI2SRCLKFreq_Value,PLLI2SoutputFreq_Value,PLLM,PLLN,PLLQCLKFreq_Value,PLLRCLKFreq_Value,PLLSAIPCLKFreq_Value,PLLSAIQCLKFreq_Value,PLLSAIoutputFreq_Value,PLLSourceVirtual,PWRFreq_Value,PeriphClockSelection,SAIAFreq_Value,SAIBFreq_Value,SDIOFreq_Value,SPDIFRXFreq_Value,SYSCLKFreq_VALUE,SYSCLKSource,USBFreq_Value,VCOI2SInputFreq_Value,VCOI2SOutputFreq_Value,VCOInputFreq_Value,VCOOutputFreq_Value,VCOSAIInputFreq_Value,VCOSAIOutputFreq_Value
ProjectManager.AskForMigrate=true
Mcu.Name=STM32F446R(C-E)Tx
Dma.RequestsNb=1
Dma.USART2_TX.0.Instance=DMA1_Stream6
RCC.PLLI2SQCLKFreq_Value=48000000
RCC.PLLI2SoutputFreq_Value=48000000
ProjectManager.HalAssertFull=false
PA2.Signal=USART2_TX
ProjectManager.ProjectName=encoder
ProjectManager.UnderRoot=true
Mcu.IP6=TIM3
RCC.VCOSAIInputFreq_Value=500000
Mcu.IP7=USART2
ProjectManager.CoupleFile=false
PH1-OSC_OUT.Mode=HSE-External-Clock-Source
RCC.MCO2PinFreq_Value=180000000
RCC.SYSCLKFreq_VALUE=180000000
Mcu.Package=LQFP64
Dma.USART2_TX.0.PeriphInc=DMA_PINC_DISABLE
RCC.I2S2Freq_Value=48000000
TIM1.IC1Filter=5
NVIC.ForceEnableDMAVector=true
KeepUserPlacement=false
USART2.VirtualMode=VM_ASYNC
NVIC.MemoryManagement_IRQn=true\:0\:0\:false\:false\:true\:false\:false
ProjectManager.CompilerOptimize=6
ProjectManager.ToolChainLocation=
VP_SYS_VS_Systick.Signal=SYS_VS_Systick
SH.S_TIM2_CH1_ETR.0=TIM2_CH1,Encoder_Interface
PA14.Signal=SYS_JTCK-SWCLK
ProjectManager.HeapSize=0x200
NVIC.HardFault_IRQn=true\:0\:0\:false\:false\:true\:false\:false
ProjectManager.ComputerToolchain=false
PA8.GPIO_PuPd=GPIO_PULLUP
Dma.USART2_TX.0.Mode=DMA_NORMAL
NVIC.PriorityGroup=NVIC_PRIORITYGROUP_4
RCC.APB2CLKDivider=RCC_HCLK_DIV2
Mcu.Pin11=VP_TIM3_VS_ClockSourceINT
RCC.PLLM=4
RCC.PLLN=180
Mcu.Pin10=VP_SYS_VS_Systick
RCC.CECFreq_Value=32786.88524590164
RCC.APB1TimFreq_Value=90000000
PA2.Mode=Asynchronous
PA0-WKUP.GPIO_PuPd=GPIO_PULLUP
NVIC.BusFault_IRQn=true\:0\:0\:false\:false\:true\:false\:false
RCC.PWRFreq_Value=180000000
RCC.SAIBFreq_Value=48000000
Dma.Request0=USART2_TX
NVIC.DMA1_Stream6_IRQn=true\:0\:0\:false\:false\:true\:false\:true
RCC.APB1Freq_Value=45000000
ProjectManager.CustomerFirmwarePackage=
VP_TIM3_VS_ClockSourceINT.Mode=Internal
ProjectManager.DeviceId=STM32F446RETx
ProjectManager.LibraryCopy=1
RCC.PLLSAIQCLKFreq_Value=48000000
TIM2.IC2Filter=5
PA3.Signal=USART2_RX
isbadioc=false
